// !$*UTF8*$!
{
	archiveVersion = 1;
	classes = {
	};
	objectVersion = 50;
	objects = {

/* Begin PBXBuildFile section */
		5E1B9F9A28E8EF98004C5596 /* IsNumberExtension.swift in Sources */ = {isa = PBXBuildFile; fileRef = 5E1B9F9928E8EF98004C5596 /* IsNumberExtension.swift */; };
		5E28CD3C28DBE2F8000F131F /* StudentListTableViewCell.swift in Sources */ = {isa = PBXBuildFile; fileRef = 5E28CD3B28DBE2F7000F131F /* StudentListTableViewCell.swift */; };
		5E321E2528D608C900BCA56F /* AppDelegate.swift in Sources */ = {isa = PBXBuildFile; fileRef = 5E321E2428D608C900BCA56F /* AppDelegate.swift */; };
		5E321E2728D608C900BCA56F /* SceneDelegate.swift in Sources */ = {isa = PBXBuildFile; fileRef = 5E321E2628D608C900BCA56F /* SceneDelegate.swift */; };
		5E321E2928D608C900BCA56F /* ViewController.swift in Sources */ = {isa = PBXBuildFile; fileRef = 5E321E2828D608C900BCA56F /* ViewController.swift */; };
		5E321E2C28D608CA00BCA56F /* Main.storyboard in Resources */ = {isa = PBXBuildFile; fileRef = 5E321E2A28D608CA00BCA56F /* Main.storyboard */; };
		5E321E2E28D608D900BCA56F /* Assets.xcassets in Resources */ = {isa = PBXBuildFile; fileRef = 5E321E2D28D608D900BCA56F /* Assets.xcassets */; };
		5E321E3128D608D900BCA56F /* LaunchScreen.storyboard in Resources */ = {isa = PBXBuildFile; fileRef = 5E321E2F28D608D900BCA56F /* LaunchScreen.storyboard */; };
		5E321E3F28D609D900BCA56F /* Colors.xcassets in Resources */ = {isa = PBXBuildFile; fileRef = 5E321E3E28D609D900BCA56F /* Colors.xcassets */; };
		5E321E4328D60FF300BCA56F /* UITextfieldDesignable.swift in Sources */ = {isa = PBXBuildFile; fileRef = 5E321E4228D60FF300BCA56F /* UITextfieldDesignable.swift */; };
		5E321E4728D6101400BCA56F /* UIButtonDesignable.swift in Sources */ = {isa = PBXBuildFile; fileRef = 5E321E4628D6101400BCA56F /* UIButtonDesignable.swift */; };
		5E5543B228DAA1A000DB83E5 /* StudentViewController.swift in Sources */ = {isa = PBXBuildFile; fileRef = 5E5543B128DAA1A000DB83E5 /* StudentViewController.swift */; };
		5E60F87828DE580E00482BB2 /* Bonus+CoreDataClass.swift in Sources */ = {isa = PBXBuildFile; fileRef = 5E60F87228DE580D00482BB2 /* Bonus+CoreDataClass.swift */; };
		5E60F87928DE580E00482BB2 /* Bonus+CoreDataProperties.swift in Sources */ = {isa = PBXBuildFile; fileRef = 5E60F87328DE580D00482BB2 /* Bonus+CoreDataProperties.swift */; };
		5E60F87A28DE580E00482BB2 /* Student+CoreDataClass.swift in Sources */ = {isa = PBXBuildFile; fileRef = 5E60F87428DE580D00482BB2 /* Student+CoreDataClass.swift */; };
		5E60F87B28DE580E00482BB2 /* Student+CoreDataProperties.swift in Sources */ = {isa = PBXBuildFile; fileRef = 5E60F87528DE580D00482BB2 /* Student+CoreDataProperties.swift */; };
		5E60F87C28DE580E00482BB2 /* Professor+CoreDataClass.swift in Sources */ = {isa = PBXBuildFile; fileRef = 5E60F87628DE580D00482BB2 /* Professor+CoreDataClass.swift */; };
		5E60F87D28DE580E00482BB2 /* Professor+CoreDataProperties.swift in Sources */ = {isa = PBXBuildFile; fileRef = 5E60F87728DE580D00482BB2 /* Professor+CoreDataProperties.swift */; };
		5E6F449A28DE9C180011AC60 /* HomeViewController.swift in Sources */ = {isa = PBXBuildFile; fileRef = 5E6F449928DE9C180011AC60 /* HomeViewController.swift */; };
		5E819B6928DFD93C00B11AF1 /* ShadowExtension.swift in Sources */ = {isa = PBXBuildFile; fileRef = 5E819B6828DFD93C00B11AF1 /* ShadowExtension.swift */; };
		5E819B6C28DFDB2A00B11AF1 /* BonusViewController.swift in Sources */ = {isa = PBXBuildFile; fileRef = 5E819B6B28DFDB2A00B11AF1 /* BonusViewController.swift */; };
		5EA9C0FC28DD2ECC00E125E5 /* FiekPortal.xcdatamodeld in Sources */ = {isa = PBXBuildFile; fileRef = 5EA9C0FA28DD2ECC00E125E5 /* FiekPortal.xcdatamodeld */; };
		5EA9C11F28DD5C9D00E125E5 /* InfoAlert.swift in Sources */ = {isa = PBXBuildFile; fileRef = 5EA9C11E28DD5C9C00E125E5 /* InfoAlert.swift */; };
		5EFF0D3528DE388F00729AD3 /* DatabaseHelper.swift in Sources */ = {isa = PBXBuildFile; fileRef = 5EFF0D3428DE388F00729AD3 /* DatabaseHelper.swift */; };
/* End PBXBuildFile section */

/* Begin PBXFileReference section */
		5E1B9F9928E8EF98004C5596 /* IsNumberExtension.swift */ = {isa = PBXFileReference; lastKnownFileType = sourcecode.swift; path = IsNumberExtension.swift; sourceTree = "<group>"; };
		5E28CD3B28DBE2F7000F131F /* StudentListTableViewCell.swift */ = {isa = PBXFileReference; lastKnownFileType = sourcecode.swift; path = StudentListTableViewCell.swift; sourceTree = "<group>"; };
		5E321E2128D608C900BCA56F /* FIEK Portal.app */ = {isa = PBXFileReference; explicitFileType = wrapper.application; includeInIndex = 0; path = "FIEK Portal.app"; sourceTree = BUILT_PRODUCTS_DIR; };
		5E321E2428D608C900BCA56F /* AppDelegate.swift */ = {isa = PBXFileReference; lastKnownFileType = sourcecode.swift; path = AppDelegate.swift; sourceTree = "<group>"; };
		5E321E2628D608C900BCA56F /* SceneDelegate.swift */ = {isa = PBXFileReference; lastKnownFileType = sourcecode.swift; path = SceneDelegate.swift; sourceTree = "<group>"; };
		5E321E2828D608C900BCA56F /* ViewController.swift */ = {isa = PBXFileReference; lastKnownFileType = sourcecode.swift; path = ViewController.swift; sourceTree = "<group>"; };
		5E321E2B28D608CA00BCA56F /* Base */ = {isa = PBXFileReference; lastKnownFileType = file.storyboard; name = Base; path = Base.lproj/Main.storyboard; sourceTree = "<group>"; };
		5E321E2D28D608D900BCA56F /* Assets.xcassets */ = {isa = PBXFileReference; lastKnownFileType = folder.assetcatalog; path = Assets.xcassets; sourceTree = "<group>"; };
		5E321E3028D608D900BCA56F /* Base */ = {isa = PBXFileReference; lastKnownFileType = file.storyboard; name = Base; path = Base.lproj/LaunchScreen.storyboard; sourceTree = "<group>"; };
		5E321E3228D608DA00BCA56F /* Info.plist */ = {isa = PBXFileReference; lastKnownFileType = text.plist.xml; path = Info.plist; sourceTree = "<group>"; };
		5E321E3A28D609AD00BCA56F /* avenirBook.otf */ = {isa = PBXFileReference; lastKnownFileType = file; path = avenirBook.otf; sourceTree = "<group>"; };
		5E321E3B28D609AD00BCA56F /* avenirBlack.otf */ = {isa = PBXFileReference; lastKnownFileType = file; path = avenirBlack.otf; sourceTree = "<group>"; };
		5E321E3C28D609AD00BCA56F /* avenirRoman.otf */ = {isa = PBXFileReference; lastKnownFileType = file; path = avenirRoman.otf; sourceTree = "<group>"; };
		5E321E3D28D609AD00BCA56F /* avenirLight.otf */ = {isa = PBXFileReference; lastKnownFileType = file; path = avenirLight.otf; sourceTree = "<group>"; };
		5E321E3E28D609D900BCA56F /* Colors.xcassets */ = {isa = PBXFileReference; lastKnownFileType = folder.assetcatalog; path = Colors.xcassets; sourceTree = "<group>"; };
		5E321E4228D60FF300BCA56F /* UITextfieldDesignable.swift */ = {isa = PBXFileReference; lastKnownFileType = sourcecode.swift; path = UITextfieldDesignable.swift; sourceTree = "<group>"; };
		5E321E4628D6101400BCA56F /* UIButtonDesignable.swift */ = {isa = PBXFileReference; lastKnownFileType = sourcecode.swift; path = UIButtonDesignable.swift; sourceTree = "<group>"; };
		5E5543B128DAA1A000DB83E5 /* StudentViewController.swift */ = {isa = PBXFileReference; lastKnownFileType = sourcecode.swift; path = StudentViewController.swift; sourceTree = "<group>"; };
		5E60F87228DE580D00482BB2 /* Bonus+CoreDataClass.swift */ = {isa = PBXFileReference; lastKnownFileType = sourcecode.swift; path = "Bonus+CoreDataClass.swift"; sourceTree = "<group>"; };
		5E60F87328DE580D00482BB2 /* Bonus+CoreDataProperties.swift */ = {isa = PBXFileReference; lastKnownFileType = sourcecode.swift; path = "Bonus+CoreDataProperties.swift"; sourceTree = "<group>"; };
		5E60F87428DE580D00482BB2 /* Student+CoreDataClass.swift */ = {isa = PBXFileReference; lastKnownFileType = sourcecode.swift; path = "Student+CoreDataClass.swift"; sourceTree = "<group>"; };
		5E60F87528DE580D00482BB2 /* Student+CoreDataProperties.swift */ = {isa = PBXFileReference; lastKnownFileType = sourcecode.swift; path = "Student+CoreDataProperties.swift"; sourceTree = "<group>"; };
		5E60F87628DE580D00482BB2 /* Professor+CoreDataClass.swift */ = {isa = PBXFileReference; lastKnownFileType = sourcecode.swift; path = "Professor+CoreDataClass.swift"; sourceTree = "<group>"; };
		5E60F87728DE580D00482BB2 /* Professor+CoreDataProperties.swift */ = {isa = PBXFileReference; lastKnownFileType = sourcecode.swift; path = "Professor+CoreDataProperties.swift"; sourceTree = "<group>"; };
		5E6F449928DE9C180011AC60 /* HomeViewController.swift */ = {isa = PBXFileReference; lastKnownFileType = sourcecode.swift; path = HomeViewController.swift; sourceTree = "<group>"; };
		5E819B6828DFD93C00B11AF1 /* ShadowExtension.swift */ = {isa = PBXFileReference; lastKnownFileType = sourcecode.swift; path = ShadowExtension.swift; sourceTree = "<group>"; };
		5E819B6B28DFDB2A00B11AF1 /* BonusViewController.swift */ = {isa = PBXFileReference; lastKnownFileType = sourcecode.swift; path = BonusViewController.swift; sourceTree = "<group>"; };
		5EA9C0FB28DD2ECC00E125E5 /* FiekPortal.xcdatamodel */ = {isa = PBXFileReference; lastKnownFileType = wrapper.xcdatamodel; path = FiekPortal.xcdatamodel; sourceTree = "<group>"; };
		5EA9C11E28DD5C9C00E125E5 /* InfoAlert.swift */ = {isa = PBXFileReference; lastKnownFileType = sourcecode.swift; path = InfoAlert.swift; sourceTree = "<group>"; };
		5EFF0D3428DE388F00729AD3 /* DatabaseHelper.swift */ = {isa = PBXFileReference; lastKnownFileType = sourcecode.swift; path = DatabaseHelper.swift; sourceTree = "<group>"; };
/* End PBXFileReference section */

/* Begin PBXFrameworksBuildPhase section */
		5E321E1E28D608C900BCA56F /* Frameworks */ = {
			isa = PBXFrameworksBuildPhase;
			buildActionMask = 2147483647;
			files = (
			);
			runOnlyForDeploymentPostprocessing = 0;
		};
/* End PBXFrameworksBuildPhase section */

/* Begin PBXGroup section */
		5E321E1828D608C900BCA56F = {
			isa = PBXGroup;
			children = (
				5E321E2328D608C900BCA56F /* FIEK Portal */,
				5E321E2228D608C900BCA56F /* Products */,
			);
			sourceTree = "<group>";
		};
		5E321E2228D608C900BCA56F /* Products */ = {
			isa = PBXGroup;
			children = (
				5E321E2128D608C900BCA56F /* FIEK Portal.app */,
			);
			name = Products;
			sourceTree = "<group>";
		};
		5E321E2328D608C900BCA56F /* FIEK Portal */ = {
			isa = PBXGroup;
			children = (
				5EF64D9228E910E40070F2A8 /* Extensions */,
				5EA9C0AE28DD0E8400E125E5 /* Models */,
				5E321E4128D60FB000BCA56F /* Designables */,
				5E321E3928D6098A00BCA56F /* Fonts */,
				5E321E2428D608C900BCA56F /* AppDelegate.swift */,
				5E321E2628D608C900BCA56F /* SceneDelegate.swift */,
				5E321E2828D608C900BCA56F /* ViewController.swift */,
				5E321E2A28D608CA00BCA56F /* Main.storyboard */,
				5E321E2D28D608D900BCA56F /* Assets.xcassets */,
				5E321E2F28D608D900BCA56F /* LaunchScreen.storyboard */,
				5E321E3228D608DA00BCA56F /* Info.plist */,
				5E321E3E28D609D900BCA56F /* Colors.xcassets */,
				5E5543B128DAA1A000DB83E5 /* StudentViewController.swift */,
				5E28CD3B28DBE2F7000F131F /* StudentListTableViewCell.swift */,
				5EA9C0FA28DD2ECC00E125E5 /* FiekPortal.xcdatamodeld */,
				5EA9C11E28DD5C9C00E125E5 /* InfoAlert.swift */,
				5EFF0D3428DE388F00729AD3 /* DatabaseHelper.swift */,
				5E6F449928DE9C180011AC60 /* HomeViewController.swift */,
				5E819B6B28DFDB2A00B11AF1 /* BonusViewController.swift */,
			);
			path = "FIEK Portal";
			sourceTree = "<group>";
		};
		5E321E3928D6098A00BCA56F /* Fonts */ = {
			isa = PBXGroup;
			children = (
				5E321E3B28D609AD00BCA56F /* avenirBlack.otf */,
				5E321E3A28D609AD00BCA56F /* avenirBook.otf */,
				5E321E3D28D609AD00BCA56F /* avenirLight.otf */,
				5E321E3C28D609AD00BCA56F /* avenirRoman.otf */,
			);
			path = Fonts;
			sourceTree = "<group>";
		};
		5E321E4128D60FB000BCA56F /* Designables */ = {
			isa = PBXGroup;
			children = (
				5E321E4228D60FF300BCA56F /* UITextfieldDesignable.swift */,
				5E321E4628D6101400BCA56F /* UIButtonDesignable.swift */,
			);
			path = Designables;
			sourceTree = "<group>";
		};
		5E60F87F28DE582000482BB2 /* Coredata  */ = {
			isa = PBXGroup;
			children = (
				5E60F87228DE580D00482BB2 /* Bonus+CoreDataClass.swift */,
				5E60F87328DE580D00482BB2 /* Bonus+CoreDataProperties.swift */,
				5E60F87428DE580D00482BB2 /* Student+CoreDataClass.swift */,
				5E60F87528DE580D00482BB2 /* Student+CoreDataProperties.swift */,
				5E60F87628DE580D00482BB2 /* Professor+CoreDataClass.swift */,
				5E60F87728DE580D00482BB2 /* Professor+CoreDataProperties.swift */,
			);
			path = "Coredata ";
			sourceTree = "<group>";
		};
		5EA9C0AE28DD0E8400E125E5 /* Models */ = {
			isa = PBXGroup;
			children = (
				5E60F87F28DE582000482BB2 /* Coredata  */,
			);
			path = Models;
			sourceTree = "<group>";
		};
		5EF64D9228E910E40070F2A8 /* Extensions */ = {
			isa = PBXGroup;
			children = (
				5E819B6828DFD93C00B11AF1 /* ShadowExtension.swift */,
				5E1B9F9928E8EF98004C5596 /* IsNumberExtension.swift */,
			);
			path = Extensions;
			sourceTree = "<group>";
		};
/* End PBXGroup section */

/* Begin PBXNativeTarget section */
		5E321E2028D608C900BCA56F /* FIEK Portal */ = {
			isa = PBXNativeTarget;
			buildConfigurationList = 5E321E3528D608DA00BCA56F /* Build configuration list for PBXNativeTarget "FIEK Portal" */;
			buildPhases = (
				5E321E1D28D608C900BCA56F /* Sources */,
				5E321E1E28D608C900BCA56F /* Frameworks */,
				5E321E1F28D608C900BCA56F /* Resources */,
			);
			buildRules = (
			);
			dependencies = (
			);
			name = "FIEK Portal";
			productName = "FIEK Portal";
			productReference = 5E321E2128D608C900BCA56F /* FIEK Portal.app */;
			productType = "com.apple.product-type.application";
		};
/* End PBXNativeTarget section */

/* Begin PBXProject section */
		5E321E1928D608C900BCA56F /* Project object */ = {
			isa = PBXProject;
			attributes = {
				LastSwiftUpdateCheck = 1210;
				LastUpgradeCheck = 1210;
				TargetAttributes = {
					5E321E2028D608C900BCA56F = {
						CreatedOnToolsVersion = 12.1;
					};
				};
			};
			buildConfigurationList = 5E321E1C28D608C900BCA56F /* Build configuration list for PBXProject "FIEK Portal" */;
			compatibilityVersion = "Xcode 9.3";
			developmentRegion = en;
			hasScannedForEncodings = 0;
			knownRegions = (
				en,
				Base,
			);
			mainGroup = 5E321E1828D608C900BCA56F;
			productRefGroup = 5E321E2228D608C900BCA56F /* Products */;
			projectDirPath = "";
			projectRoot = "";
			targets = (
				5E321E2028D608C900BCA56F /* FIEK Portal */,
			);
		};
/* End PBXProject section */

/* Begin PBXResourcesBuildPhase section */
		5E321E1F28D608C900BCA56F /* Resources */ = {
			isa = PBXResourcesBuildPhase;
			buildActionMask = 2147483647;
			files = (
				5E321E3128D608D900BCA56F /* LaunchScreen.storyboard in Resources */,
				5E321E3F28D609D900BCA56F /* Colors.xcassets in Resources */,
				5E321E2E28D608D900BCA56F /* Assets.xcassets in Resources */,
				5E321E2C28D608CA00BCA56F /* Main.storyboard in Resources */,
			);
			runOnlyForDeploymentPostprocessing = 0;
		};
/* End PBXResourcesBuildPhase section */

/* Begin PBXSourcesBuildPhase section */
		5E321E1D28D608C900BCA56F /* Sources */ = {
			isa = PBXSourcesBuildPhase;
			buildActionMask = 2147483647;
			files = (
				5E1B9F9A28E8EF98004C5596 /* IsNumberExtension.swift in Sources */,
				5EA9C0FC28DD2ECC00E125E5 /* FiekPortal.xcdatamodeld in Sources */,
				5E5543B228DAA1A000DB83E5 /* StudentViewController.swift in Sources */,
				5E321E2928D608C900BCA56F /* ViewController.swift in Sources */,
				5E60F87A28DE580E00482BB2 /* Student+CoreDataClass.swift in Sources */,
				5E321E2528D608C900BCA56F /* AppDelegate.swift in Sources */,
				5E60F87C28DE580E00482BB2 /* Professor+CoreDataClass.swift in Sources */,
				5EFF0D3528DE388F00729AD3 /* DatabaseHelper.swift in Sources */,
				5E6F449A28DE9C180011AC60 /* HomeViewController.swift in Sources */,
				5E60F87D28DE580E00482BB2 /* Professor+CoreDataProperties.swift in Sources */,
				5E60F87B28DE580E00482BB2 /* Student+CoreDataProperties.swift in Sources */,
				5E321E2728D608C900BCA56F /* SceneDelegate.swift in Sources */,
				5EA9C11F28DD5C9D00E125E5 /* InfoAlert.swift in Sources */,
				5E60F87928DE580E00482BB2 /* Bonus+CoreDataProperties.swift in Sources */,
				5E819B6928DFD93C00B11AF1 /* ShadowExtension.swift in Sources */,
				5E819B6C28DFDB2A00B11AF1 /* BonusViewController.swift in Sources */,
				5E321E4728D6101400BCA56F /* UIButtonDesignable.swift in Sources */,
				5E321E4328D60FF300BCA56F /* UITextfieldDesignable.swift in Sources */,
				5E60F87828DE580E00482BB2 /* Bonus+CoreDataClass.swift in Sources */,
				5E28CD3C28DBE2F8000F131F /* StudentListTableViewCell.swift in Sources */,
			);
			runOnlyForDeploymentPostprocessing = 0;
		};
/* End PBXSourcesBuildPhase section */

/* Begin PBXVariantGroup section */
		5E321E2A28D608CA00BCA56F /* Main.storyboard */ = {
			isa = PBXVariantGroup;
			children = (
				5E321E2B28D608CA00BCA56F /* Base */,
			);
			name = Main.storyboard;
			sourceTree = "<group>";
		};
		5E321E2F28D608D900BCA56F /* LaunchScreen.storyboard */ = {
			isa = PBXVariantGroup;
			children = (
				5E321E3028D608D900BCA56F /* Base */,
			);
			name = LaunchScreen.storyboard;
			sourceTree = "<group>";
		};
/* End PBXVariantGroup section */

/* Begin XCBuildConfiguration section */
		5E321E3328D608DA00BCA56F /* Debug */ = {
			isa = XCBuildConfiguration;
			buildSettings = {
				ALWAYS_SEARCH_USER_PATHS = NO;
				CLANG_ANALYZER_NONNULL = YES;
				CLANG_ANALYZER_NUMBER_OBJECT_CONVERSION = YES_AGGRESSIVE;
				CLANG_CXX_LANGUAGE_STANDARD = "gnu++14";
				CLANG_CXX_LIBRARY = "libc++";
				CLANG_ENABLE_MODULES = YES;
				CLANG_ENABLE_OBJC_ARC = YES;
				CLANG_ENABLE_OBJC_WEAK = YES;
				CLANG_WARN_BLOCK_CAPTURE_AUTORELEASING = YES;
				CLANG_WARN_BOOL_CONVERSION = YES;
				CLANG_WARN_COMMA = YES;
				CLANG_WARN_CONSTANT_CONVERSION = YES;
				CLANG_WARN_DEPRECATED_OBJC_IMPLEMENTATIONS = YES;
				CLANG_WARN_DIRECT_OBJC_ISA_USAGE = YES_ERROR;
				CLANG_WARN_DOCUMENTATION_COMMENTS = YES;
				CLANG_WARN_EMPTY_BODY = YES;
				CLANG_WARN_ENUM_CONVERSION = YES;
				CLANG_WARN_INFINITE_RECURSION = YES;
				CLANG_WARN_INT_CONVERSION = YES;
				CLANG_WARN_NON_LITERAL_NULL_CONVERSION = YES;
				CLANG_WARN_OBJC_IMPLICIT_RETAIN_SELF = YES;
				CLANG_WARN_OBJC_LITERAL_CONVERSION = YES;
				CLANG_WARN_OBJC_ROOT_CLASS = YES_ERROR;
				CLANG_WARN_QUOTED_INCLUDE_IN_FRAMEWORK_HEADER = YES;
				CLANG_WARN_RANGE_LOOP_ANALYSIS = YES;
				CLANG_WARN_STRICT_PROTOTYPES = YES;
				CLANG_WARN_SUSPICIOUS_MOVE = YES;
				CLANG_WARN_UNGUARDED_AVAILABILITY = YES_AGGRESSIVE;
				CLANG_WARN_UNREACHABLE_CODE = YES;
				CLANG_WARN__DUPLICATE_METHOD_MATCH = YES;
				COPY_PHASE_STRIP = NO;
				DEBUG_INFORMATION_FORMAT = dwarf;
				ENABLE_STRICT_OBJC_MSGSEND = YES;
				ENABLE_TESTABILITY = YES;
				GCC_C_LANGUAGE_STANDARD = gnu11;
				GCC_DYNAMIC_NO_PIC = NO;
				GCC_NO_COMMON_BLOCKS = YES;
				GCC_OPTIMIZATION_LEVEL = 0;
				GCC_PREPROCESSOR_DEFINITIONS = (
					"DEBUG=1",
					"$(inherited)",
				);
				GCC_WARN_64_TO_32_BIT_CONVERSION = YES;
				GCC_WARN_ABOUT_RETURN_TYPE = YES_ERROR;
				GCC_WARN_UNDECLARED_SELECTOR = YES;
				GCC_WARN_UNINITIALIZED_AUTOS = YES_AGGRESSIVE;
				GCC_WARN_UNUSED_FUNCTION = YES;
				GCC_WARN_UNUSED_VARIABLE = YES;
				IPHONEOS_DEPLOYMENT_TARGET = 14.1;
				MTL_ENABLE_DEBUG_INFO = INCLUDE_SOURCE;
				MTL_FAST_MATH = YES;
				ONLY_ACTIVE_ARCH = YES;
				SDKROOT = iphoneos;
				SWIFT_ACTIVE_COMPILATION_CONDITIONS = DEBUG;
				SWIFT_OPTIMIZATION_LEVEL = "-Onone";
			};
			name = Debug;
		};
		5E321E3428D608DA00BCA56F /* Release */ = {
			isa = XCBuildConfiguration;
			buildSettings = {
				ALWAYS_SEARCH_USER_PATHS = NO;
				CLANG_ANALYZER_NONNULL = YES;
				CLANG_ANALYZER_NUMBER_OBJECT_CONVERSION = YES_AGGRESSIVE;
				CLANG_CXX_LANGUAGE_STANDARD = "gnu++14";
				CLANG_CXX_LIBRARY = "libc++";
				CLANG_ENABLE_MODULES = YES;
				CLANG_ENABLE_OBJC_ARC = YES;
				CLANG_ENABLE_OBJC_WEAK = YES;
				CLANG_WARN_BLOCK_CAPTURE_AUTORELEASING = YES;
				CLANG_WARN_BOOL_CONVERSION = YES;
				CLANG_WARN_COMMA = YES;
				CLANG_WARN_CONSTANT_CONVERSION = YES;
				CLANG_WARN_DEPRECATED_OBJC_IMPLEMENTATIONS = YES;
				CLANG_WARN_DIRECT_OBJC_ISA_USAGE = YES_ERROR;
				CLANG_WARN_DOCUMENTATION_COMMENTS = YES;
				CLANG_WARN_EMPTY_BODY = YES;
				CLANG_WARN_ENUM_CONVERSION = YES;
				CLANG_WARN_INFINITE_RECURSION = YES;
				CLANG_WARN_INT_CONVERSION = YES;
				CLANG_WARN_NON_LITERAL_NULL_CONVERSION = YES;
				CLANG_WARN_OBJC_IMPLICIT_RETAIN_SELF = YES;
				CLANG_WARN_OBJC_LITERAL_CONVERSION = YES;
				CLANG_WARN_OBJC_ROOT_CLASS = YES_ERROR;
				CLANG_WARN_QUOTED_INCLUDE_IN_FRAMEWORK_HEADER = YES;
				CLANG_WARN_RANGE_LOOP_ANALYSIS = YES;
				CLANG_WARN_STRICT_PROTOTYPES = YES;
				CLANG_WARN_SUSPICIOUS_MOVE = YES;
				CLANG_WARN_UNGUARDED_AVAILABILITY = YES_AGGRESSIVE;
				CLANG_WARN_UNREACHABLE_CODE = YES;
				CLANG_WARN__DUPLICATE_METHOD_MATCH = YES;
				COPY_PHASE_STRIP = NO;
				DEBUG_INFORMATION_FORMAT = "dwarf-with-dsym";
				ENABLE_NS_ASSERTIONS = NO;
				ENABLE_STRICT_OBJC_MSGSEND = YES;
				GCC_C_LANGUAGE_STANDARD = gnu11;
				GCC_NO_COMMON_BLOCKS = YES;
				GCC_WARN_64_TO_32_BIT_CONVERSION = YES;
				GCC_WARN_ABOUT_RETURN_TYPE = YES_ERROR;
				GCC_WARN_UNDECLARED_SELECTOR = YES;
				GCC_WARN_UNINITIALIZED_AUTOS = YES_AGGRESSIVE;
				GCC_WARN_UNUSED_FUNCTION = YES;
				GCC_WARN_UNUSED_VARIABLE = YES;
				IPHONEOS_DEPLOYMENT_TARGET = 14.1;
				MTL_ENABLE_DEBUG_INFO = NO;
				MTL_FAST_MATH = YES;
				SDKROOT = iphoneos;
				SWIFT_COMPILATION_MODE = wholemodule;
				SWIFT_OPTIMIZATION_LEVEL = "-O";
				VALIDATE_PRODUCT = YES;
			};
			name = Release;
		};
		5E321E3628D608DA00BCA56F /* Debug */ = {
			isa = XCBuildConfiguration;
			buildSettings = {
				ASSETCATALOG_COMPILER_APPICON_NAME = AppIcon;
				ASSETCATALOG_COMPILER_GLOBAL_ACCENT_COLOR_NAME = AccentColor;
				CODE_SIGN_STYLE = Automatic;
				DEVELOPMENT_TEAM = 5GH3QQ8748;
				INFOPLIST_FILE = "FIEK Portal/Info.plist";
				LD_RUNPATH_SEARCH_PATHS = (
					"$(inherited)",
					"@executable_path/Frameworks",
				);
				PRODUCT_BUNDLE_IDENTIFIER = "com.fiek.FIEK-Portal";
				PRODUCT_NAME = "$(TARGET_NAME)";
				SWIFT_VERSION = 5.0;
				TARGETED_DEVICE_FAMILY = "1,2";
			};
			name = Debug;
		};
		5E321E3728D608DA00BCA56F /* Release */ = {
			isa = XCBuildConfiguration;
			buildSettings = {
				ASSETCATALOG_COMPILER_APPICON_NAME = AppIcon;
				ASSETCATALOG_COMPILER_GLOBAL_ACCENT_COLOR_NAME = AccentColor;
				CODE_SIGN_STYLE = Automatic;
				DEVELOPMENT_TEAM = 5GH3QQ8748;
				INFOPLIST_FILE = "FIEK Portal/Info.plist";
				LD_RUNPATH_SEARCH_PATHS = (
					"$(inherited)",
					"@executable_path/Frameworks",
				);
				PRODUCT_BUNDLE_IDENTIFIER = "com.fiek.FIEK-Portal";
				PRODUCT_NAME = "$(TARGET_NAME)";
				SWIFT_VERSION = 5.0;
				TARGETED_DEVICE_FAMILY = "1,2";
			};
			name = Release;
		};
/* End XCBuildConfiguration section */

/* Begin XCConfigurationList section */
		5E321E1C28D608C900BCA56F /* Build configuration list for PBXProject "FIEK Portal" */ = {
			isa = XCConfigurationList;
			buildConfigurations = (
				5E321E3328D608DA00BCA56F /* Debug */,
				5E321E3428D608DA00BCA56F /* Release */,
			);
			defaultConfigurationIsVisible = 0;
			defaultConfigurationName = Release;
		};
		5E321E3528D608DA00BCA56F /* Build configuration list for PBXNativeTarget "FIEK Portal" */ = {
			isa = XCConfigurationList;
			buildConfigurations = (
				5E321E3628D608DA00BCA56F /* Debug */,
				5E321E3728D608DA00BCA56F /* Release */,
			);
			defaultConfigurationIsVisible = 0;
			defaultConfigurationName = Release;
		};
/* End XCConfigurationList section */

/* Begin XCVersionGroup section */
		5EA9C0FA28DD2ECC00E125E5 /* FiekPortal.xcdatamodeld */ = {
			isa = XCVersionGroup;
			children = (
				5EA9C0FB28DD2ECC00E125E5 /* FiekPortal.xcdatamodel */,
			);
			currentVersion = 5EA9C0FB28DD2ECC00E125E5 /* FiekPortal.xcdatamodel */;
			path = FiekPortal.xcdatamodeld;
			sourceTree = "<group>";
			versionGroupType = wrapper.xcdatamodel;
		};
/* End XCVersionGroup section */
	};
	rootObject = 5E321E1928D608C900BCA56F /* Project object */;
}
